
Microsoft Visual Studio Solution File, Format Version 12.00
Project("{FAE04EC0-301F-11D3-BF4B-00C04F79EFBC}") = "QueueSystem", "QueueSystem\QueueSystem.csproj", "{ABBF8AE2-0B50-4A72-B23B-8EB3A33969B4}"
EndProject
Global
	GlobalSection(SolutionConfigurationPlatforms) = preSolution
		Debug|Any CPU = Debug|Any CPU
		Release|Any CPU = Release|Any CPU
	EndGlobalSection
	GlobalSection(ProjectConfigurationPlatforms) = postSolution
		{ABBF8AE2-0B50-4A72-B23B-8EB3A33969B4}.Debug|Any CPU.ActiveCfg = Debug|Any CPU
		{ABBF8AE2-0B50-4A72-B23B-8EB3A33969B4}.Debug|Any CPU.Build.0 = Debug|Any CPU
		{ABBF8AE2-0B50-4A72-B23B-8EB3A33969B4}.Release|Any CPU.ActiveCfg = Release|Any CPU
		{ABBF8AE2-0B50-4A72-B23B-8EB3A33969B4}.Release|Any CPU.Build.0 = Release|Any CPU
	EndGlobalSection
EndGlobal
